// !$*UTF8*$!
{
	archiveVersion = 1;
	classes = {
	};
	objectVersion = 46;
	objects = {

/* Begin PBXBuildFile section */
		9F07BE5B19B4676A0035B6F3 /* Foundation.framework in Frameworks */ = {isa = PBXBuildFile; fileRef = 9F07BE5A19B4676A0035B6F3 /* Foundation.framework */; };
		9F07BE5D19B4676A0035B6F3 /* CoreGraphics.framework in Frameworks */ = {isa = PBXBuildFile; fileRef = 9F07BE5C19B4676A0035B6F3 /* CoreGraphics.framework */; };
		9F07BE5F19B4676A0035B6F3 /* UIKit.framework in Frameworks */ = {isa = PBXBuildFile; fileRef = 9F07BE5E19B4676A0035B6F3 /* UIKit.framework */; };
		9F07BE6519B4676A0035B6F3 /* InfoPlist.strings in Resources */ = {isa = PBXBuildFile; fileRef = 9F07BE6319B4676A0035B6F3 /* InfoPlist.strings */; };
		9F07BE6719B4676A0035B6F3 /* main.m in Sources */ = {isa = PBXBuildFile; fileRef = 9F07BE6619B4676A0035B6F3 /* main.m */; };
		9F07BE6B19B4676A0035B6F3 /* CHBAppDelegate.m in Sources */ = {isa = PBXBuildFile; fileRef = 9F07BE6A19B4676A0035B6F3 /* CHBAppDelegate.m */; };
		9F07BE6E19B4676A0035B6F3 /* Main.storyboard in Resources */ = {isa = PBXBuildFile; fileRef = 9F07BE6C19B4676A0035B6F3 /* Main.storyboard */; };
		9F07BE7119B4676A0035B6F3 /* CHBMessagesViewController.m in Sources */ = {isa = PBXBuildFile; fileRef = 9F07BE7019B4676A0035B6F3 /* CHBMessagesViewController.m */; };
		9F07BE7319B4676A0035B6F3 /* Images.xcassets in Resources */ = {isa = PBXBuildFile; fileRef = 9F07BE7219B4676A0035B6F3 /* Images.xcassets */; };
		9F07BE7A19B4676A0035B6F3 /* XCTest.framework in Frameworks */ = {isa = PBXBuildFile; fileRef = 9F07BE7919B4676A0035B6F3 /* XCTest.framework */; };
		9F07BE7B19B4676A0035B6F3 /* Foundation.framework in Frameworks */ = {isa = PBXBuildFile; fileRef = 9F07BE5A19B4676A0035B6F3 /* Foundation.framework */; };
		9F07BE7C19B4676A0035B6F3 /* UIKit.framework in Frameworks */ = {isa = PBXBuildFile; fileRef = 9F07BE5E19B4676A0035B6F3 /* UIKit.framework */; };
		9F07BE8419B4676A0035B6F3 /* InfoPlist.strings in Resources */ = {isa = PBXBuildFile; fileRef = 9F07BE8219B4676A0035B6F3 /* InfoPlist.strings */; };
		9F07BE8619B4676A0035B6F3 /* FiresideTests.m in Sources */ = {isa = PBXBuildFile; fileRef = 9F07BE8519B4676A0035B6F3 /* FiresideTests.m */; };
		9F07BE9119B483B80035B6F3 /* CHBMessage.m in Sources */ = {isa = PBXBuildFile; fileRef = 9F07BE9019B483B80035B6F3 /* CHBMessage.m */; };
		B43946D5A5CF4C80AA08C1C4 /* libPods.a in Frameworks */ = {isa = PBXBuildFile; fileRef = 035AC5174A40421780BFD656 /* libPods.a */; };
/* End PBXBuildFile section */

/* Begin PBXContainerItemProxy section */
		9F07BE7D19B4676A0035B6F3 /* PBXContainerItemProxy */ = {
			isa = PBXContainerItemProxy;
			containerPortal = 9F07BE4F19B4676A0035B6F3 /* Project object */;
			proxyType = 1;
			remoteGlobalIDString = 9F07BE5619B4676A0035B6F3;
			remoteInfo = Fireside;
		};
/* End PBXContainerItemProxy section */

/* Begin PBXFileReference section */
		01A409D42C7B41D185866A44 /* Pods.xcconfig */ = {isa = PBXFileReference; includeInIndex = 1; lastKnownFileType = text.xcconfig; name = Pods.xcconfig; path = Pods/Pods.xcconfig; sourceTree = "<group>"; };
		035AC5174A40421780BFD656 /* libPods.a */ = {isa = PBXFileReference; explicitFileType = archive.ar; includeInIndex = 0; path = libPods.a; sourceTree = BUILT_PRODUCTS_DIR; };
		9F07BE5719B4676A0035B6F3 /* Fireside.app */ = {isa = PBXFileReference; explicitFileType = wrapper.application; includeInIndex = 0; path = Fireside.app; sourceTree = BUILT_PRODUCTS_DIR; };
		9F07BE5A19B4676A0035B6F3 /* Foundation.framework */ = {isa = PBXFileReference; lastKnownFileType = wrapper.framework; name = Foundation.framework; path = System/Library/Frameworks/Foundation.framework; sourceTree = SDKROOT; };
		9F07BE5C19B4676A0035B6F3 /* CoreGraphics.framework */ = {isa = PBXFileReference; lastKnownFileType = wrapper.framework; name = CoreGraphics.framework; path = System/Library/Frameworks/CoreGraphics.framework; sourceTree = SDKROOT; };
		9F07BE5E19B4676A0035B6F3 /* UIKit.framework */ = {isa = PBXFileReference; lastKnownFileType = wrapper.framework; name = UIKit.framework; path = System/Library/Frameworks/UIKit.framework; sourceTree = SDKROOT; };
		9F07BE6219B4676A0035B6F3 /* Fireside-Info.plist */ = {isa = PBXFileReference; lastKnownFileType = text.plist.xml; path = "Fireside-Info.plist"; sourceTree = "<group>"; };
		9F07BE6419B4676A0035B6F3 /* en */ = {isa = PBXFileReference; lastKnownFileType = text.plist.strings; name = en; path = en.lproj/InfoPlist.strings; sourceTree = "<group>"; };
		9F07BE6619B4676A0035B6F3 /* main.m */ = {isa = PBXFileReference; lastKnownFileType = sourcecode.c.objc; path = main.m; sourceTree = "<group>"; };
		9F07BE6819B4676A0035B6F3 /* Fireside-Prefix.pch */ = {isa = PBXFileReference; lastKnownFileType = sourcecode.c.h; path = "Fireside-Prefix.pch"; sourceTree = "<group>"; };
		9F07BE6919B4676A0035B6F3 /* CHBAppDelegate.h */ = {isa = PBXFileReference; lastKnownFileType = sourcecode.c.h; path = CHBAppDelegate.h; sourceTree = "<group>"; };
		9F07BE6A19B4676A0035B6F3 /* CHBAppDelegate.m */ = {isa = PBXFileReference; lastKnownFileType = sourcecode.c.objc; path = CHBAppDelegate.m; sourceTree = "<group>"; };
		9F07BE6D19B4676A0035B6F3 /* Base */ = {isa = PBXFileReference; lastKnownFileType = file.storyboard; name = Base; path = Base.lproj/Main.storyboard; sourceTree = "<group>"; };
		9F07BE6F19B4676A0035B6F3 /* CHBMessagesViewController.h */ = {isa = PBXFileReference; lastKnownFileType = sourcecode.c.h; path = CHBMessagesViewController.h; sourceTree = "<group>"; };
		9F07BE7019B4676A0035B6F3 /* CHBMessagesViewController.m */ = {isa = PBXFileReference; lastKnownFileType = sourcecode.c.objc; path = CHBMessagesViewController.m; sourceTree = "<group>"; };
		9F07BE7219B4676A0035B6F3 /* Images.xcassets */ = {isa = PBXFileReference; lastKnownFileType = folder.assetcatalog; path = Images.xcassets; sourceTree = "<group>"; };
		9F07BE7819B4676A0035B6F3 /* FiresideTests.xctest */ = {isa = PBXFileReference; explicitFileType = wrapper.cfbundle; includeInIndex = 0; path = FiresideTests.xctest; sourceTree = BUILT_PRODUCTS_DIR; };
		9F07BE7919B4676A0035B6F3 /* XCTest.framework */ = {isa = PBXFileReference; lastKnownFileType = wrapper.framework; name = XCTest.framework; path = Library/Frameworks/XCTest.framework; sourceTree = DEVELOPER_DIR; };
		9F07BE8119B4676A0035B6F3 /* FiresideTests-Info.plist */ = {isa = PBXFileReference; lastKnownFileType = text.plist.xml; path = "FiresideTests-Info.plist"; sourceTree = "<group>"; };
		9F07BE8319B4676A0035B6F3 /* en */ = {isa = PBXFileReference; lastKnownFileType = text.plist.strings; name = en; path = en.lproj/InfoPlist.strings; sourceTree = "<group>"; };
		9F07BE8519B4676A0035B6F3 /* FiresideTests.m */ = {isa = PBXFileReference; lastKnownFileType = sourcecode.c.objc; path = FiresideTests.m; sourceTree = "<group>"; };
		9F07BE8F19B483B80035B6F3 /* CHBMessage.h */ = {isa = PBXFileReference; fileEncoding = 4; lastKnownFileType = sourcecode.c.h; path = CHBMessage.h; sourceTree = "<group>"; };
		9F07BE9019B483B80035B6F3 /* CHBMessage.m */ = {isa = PBXFileReference; fileEncoding = 4; lastKnownFileType = sourcecode.c.objc; path = CHBMessage.m; sourceTree = "<group>"; };
/* End PBXFileReference section */

/* Begin PBXFrameworksBuildPhase section */
		9F07BE5419B4676A0035B6F3 /* Frameworks */ = {
			isa = PBXFrameworksBuildPhase;
			buildActionMask = 2147483647;
			files = (
				9F07BE5D19B4676A0035B6F3 /* CoreGraphics.framework in Frameworks */,
				9F07BE5F19B4676A0035B6F3 /* UIKit.framework in Frameworks */,
				9F07BE5B19B4676A0035B6F3 /* Foundation.framework in Frameworks */,
				B43946D5A5CF4C80AA08C1C4 /* libPods.a in Frameworks */,
			);
			runOnlyForDeploymentPostprocessing = 0;
		};
		9F07BE7519B4676A0035B6F3 /* Frameworks */ = {
			isa = PBXFrameworksBuildPhase;
			buildActionMask = 2147483647;
			files = (
				9F07BE7A19B4676A0035B6F3 /* XCTest.framework in Frameworks */,
				9F07BE7C19B4676A0035B6F3 /* UIKit.framework in Frameworks */,
				9F07BE7B19B4676A0035B6F3 /* Foundation.framework in Frameworks */,
			);
			runOnlyForDeploymentPostprocessing = 0;
		};
/* End PBXFrameworksBuildPhase section */

/* Begin PBXGroup section */
		9F07BE4E19B4676A0035B6F3 = {
			isa = PBXGroup;
			children = (
				9F07BE6019B4676A0035B6F3 /* Fireside */,
				9F07BE7F19B4676A0035B6F3 /* FiresideTests */,
				9F07BE5919B4676A0035B6F3 /* Frameworks */,
				9F07BE5819B4676A0035B6F3 /* Products */,
				01A409D42C7B41D185866A44 /* Pods.xcconfig */,
			);
			sourceTree = "<group>";
		};
		9F07BE5819B4676A0035B6F3 /* Products */ = {
			isa = PBXGroup;
			children = (
				9F07BE5719B4676A0035B6F3 /* Fireside.app */,
				9F07BE7819B4676A0035B6F3 /* FiresideTests.xctest */,
			);
			name = Products;
			sourceTree = "<group>";
		};
		9F07BE5919B4676A0035B6F3 /* Frameworks */ = {
			isa = PBXGroup;
			children = (
				9F07BE5A19B4676A0035B6F3 /* Foundation.framework */,
				9F07BE5C19B4676A0035B6F3 /* CoreGraphics.framework */,
				9F07BE5E19B4676A0035B6F3 /* UIKit.framework */,
				9F07BE7919B4676A0035B6F3 /* XCTest.framework */,
				035AC5174A40421780BFD656 /* libPods.a */,
			);
			name = Frameworks;
			sourceTree = "<group>";
		};
		9F07BE6019B4676A0035B6F3 /* Fireside */ = {
			isa = PBXGroup;
			children = (
				9F07BE6919B4676A0035B6F3 /* CHBAppDelegate.h */,
				9F07BE6A19B4676A0035B6F3 /* CHBAppDelegate.m */,
				9F07BE6C19B4676A0035B6F3 /* Main.storyboard */,
				9F07BE6F19B4676A0035B6F3 /* CHBMessagesViewController.h */,
				9F07BE7019B4676A0035B6F3 /* CHBMessagesViewController.m */,
				9F07BE8F19B483B80035B6F3 /* CHBMessage.h */,
				9F07BE9019B483B80035B6F3 /* CHBMessage.m */,
				9F07BE7219B4676A0035B6F3 /* Images.xcassets */,
				9F07BE6119B4676A0035B6F3 /* Supporting Files */,
			);
			path = Fireside;
			sourceTree = "<group>";
		};
		9F07BE6119B4676A0035B6F3 /* Supporting Files */ = {
			isa = PBXGroup;
			children = (
				9F07BE6219B4676A0035B6F3 /* Fireside-Info.plist */,
				9F07BE6319B4676A0035B6F3 /* InfoPlist.strings */,
				9F07BE6619B4676A0035B6F3 /* main.m */,
				9F07BE6819B4676A0035B6F3 /* Fireside-Prefix.pch */,
			);
			name = "Supporting Files";
			sourceTree = "<group>";
		};
		9F07BE7F19B4676A0035B6F3 /* FiresideTests */ = {
			isa = PBXGroup;
			children = (
				9F07BE8519B4676A0035B6F3 /* FiresideTests.m */,
				9F07BE8019B4676A0035B6F3 /* Supporting Files */,
			);
			path = FiresideTests;
			sourceTree = "<group>";
		};
		9F07BE8019B4676A0035B6F3 /* Supporting Files */ = {
			isa = PBXGroup;
			children = (
				9F07BE8119B4676A0035B6F3 /* FiresideTests-Info.plist */,
				9F07BE8219B4676A0035B6F3 /* InfoPlist.strings */,
			);
			name = "Supporting Files";
			sourceTree = "<group>";
		};
/* End PBXGroup section */

/* Begin PBXNativeTarget section */
		9F07BE5619B4676A0035B6F3 /* Fireside */ = {
			isa = PBXNativeTarget;
			buildConfigurationList = 9F07BE8919B4676A0035B6F3 /* Build configuration list for PBXNativeTarget "Fireside" */;
			buildPhases = (
				4DBC54E77CCE48BC813A42A5 /* Check Pods Manifest.lock */,
				9F07BE5319B4676A0035B6F3 /* Sources */,
				9F07BE5419B4676A0035B6F3 /* Frameworks */,
				9F07BE5519B4676A0035B6F3 /* Resources */,
				4B99BFA4F92F42C291242E7B /* Copy Pods Resources */,
			);
			buildRules = (
			);
			dependencies = (
			);
			name = Fireside;
			productName = Fireside;
			productReference = 9F07BE5719B4676A0035B6F3 /* Fireside.app */;
			productType = "com.apple.product-type.application";
		};
		9F07BE7719B4676A0035B6F3 /* FiresideTests */ = {
			isa = PBXNativeTarget;
			buildConfigurationList = 9F07BE8C19B4676A0035B6F3 /* Build configuration list for PBXNativeTarget "FiresideTests" */;
			buildPhases = (
				9F07BE7419B4676A0035B6F3 /* Sources */,
				9F07BE7519B4676A0035B6F3 /* Frameworks */,
				9F07BE7619B4676A0035B6F3 /* Resources */,
			);
			buildRules = (
			);
			dependencies = (
				9F07BE7E19B4676A0035B6F3 /* PBXTargetDependency */,
			);
			name = FiresideTests;
			productName = FiresideTests;
			productReference = 9F07BE7819B4676A0035B6F3 /* FiresideTests.xctest */;
			productType = "com.apple.product-type.bundle.unit-test";
		};
/* End PBXNativeTarget section */

/* Begin PBXProject section */
		9F07BE4F19B4676A0035B6F3 /* Project object */ = {
			isa = PBXProject;
			attributes = {
				CLASSPREFIX = CHB;
				LastUpgradeCheck = 0510;
				ORGANIZATIONNAME = "CocoaHeads Brisbane";
				TargetAttributes = {
					9F07BE5619B4676A0035B6F3 = {
						DevelopmentTeam = C5SJB5L3GZ;
					};
					9F07BE7719B4676A0035B6F3 = {
						TestTargetID = 9F07BE5619B4676A0035B6F3;
					};
				};
			};
			buildConfigurationList = 9F07BE5219B4676A0035B6F3 /* Build configuration list for PBXProject "Fireside" */;
			compatibilityVersion = "Xcode 3.2";
			developmentRegion = English;
			hasScannedForEncodings = 0;
			knownRegions = (
				en,
				Base,
			);
			mainGroup = 9F07BE4E19B4676A0035B6F3;
			productRefGroup = 9F07BE5819B4676A0035B6F3 /* Products */;
			projectDirPath = "";
			projectRoot = "";
			targets = (
				9F07BE5619B4676A0035B6F3 /* Fireside */,
				9F07BE7719B4676A0035B6F3 /* FiresideTests */,
			);
		};
/* End PBXProject section */

/* Begin PBXResourcesBuildPhase section */
		9F07BE5519B4676A0035B6F3 /* Resources */ = {
			isa = PBXResourcesBuildPhase;
			buildActionMask = 2147483647;
			files = (
				9F07BE7319B4676A0035B6F3 /* Images.xcassets in Resources */,
				9F07BE6519B4676A0035B6F3 /* InfoPlist.strings in Resources */,
				9F07BE6E19B4676A0035B6F3 /* Main.storyboard in Resources */,
			);
			runOnlyForDeploymentPostprocessing = 0;
		};
		9F07BE7619B4676A0035B6F3 /* Resources */ = {
			isa = PBXResourcesBuildPhase;
			buildActionMask = 2147483647;
			files = (
				9F07BE8419B4676A0035B6F3 /* InfoPlist.strings in Resources */,
			);
			runOnlyForDeploymentPostprocessing = 0;
		};
/* End PBXResourcesBuildPhase section */

/* Begin PBXShellScriptBuildPhase section */
		4B99BFA4F92F42C291242E7B /* Copy Pods Resources */ = {
			isa = PBXShellScriptBuildPhase;
			buildActionMask = 2147483647;
			files = (
			);
			inputPaths = (
			);
			name = "Copy Pods Resources";
			outputPaths = (
			);
			runOnlyForDeploymentPostprocessing = 0;
			shellPath = /bin/sh;
			shellScript = "\"${SRCROOT}/Pods/Pods-resources.sh\"\n";
			showEnvVarsInLog = 0;
		};
		4DBC54E77CCE48BC813A42A5 /* Check Pods Manifest.lock */ = {
			isa = PBXShellScriptBuildPhase;
			buildActionMask = 2147483647;
			files = (
			);
			inputPaths = (
			);
			name = "Check Pods Manifest.lock";
			outputPaths = (
			);
			runOnlyForDeploymentPostprocessing = 0;
			shellPath = /bin/sh;
			shellScript = "diff \"${PODS_ROOT}/../Podfile.lock\" \"${PODS_ROOT}/Manifest.lock\" > /dev/null\nif [[ $? != 0 ]] ; then\n    cat << EOM\nerror: The sandbox is not in sync with the Podfile.lock. Run 'pod install' or update your CocoaPods installation.\nEOM\n    exit 1\nfi\n";
			showEnvVarsInLog = 0;
		};
/* End PBXShellScriptBuildPhase section */

/* Begin PBXSourcesBuildPhase section */
		9F07BE5319B4676A0035B6F3 /* Sources */ = {
			isa = PBXSourcesBuildPhase;
			buildActionMask = 2147483647;
			files = (
				9F07BE6B19B4676A0035B6F3 /* CHBAppDelegate.m in Sources */,
				9F07BE9119B483B80035B6F3 /* CHBMessage.m in Sources */,
				9F07BE6719B4676A0035B6F3 /* main.m in Sources */,
				9F07BE7119B4676A0035B6F3 /* CHBMessagesViewController.m in Sources */,
			);
			runOnlyForDeploymentPostprocessing = 0;
		};
		9F07BE7419B4676A0035B6F3 /* Sources */ = {
			isa = PBXSourcesBuildPhase;
			buildActionMask = 2147483647;
			files = (
				9F07BE8619B4676A0035B6F3 /* FiresideTests.m in Sources */,
			);
			runOnlyForDeploymentPostprocessing = 0;
		};
/* End PBXSourcesBuildPhase section */

/* Begin PBXTargetDependency section */
		9F07BE7E19B4676A0035B6F3 /* PBXTargetDependency */ = {
			isa = PBXTargetDependency;
			target = 9F07BE5619B4676A0035B6F3 /* Fireside */;
			targetProxy = 9F07BE7D19B4676A0035B6F3 /* PBXContainerItemProxy */;
		};
/* End PBXTargetDependency section */

/* Begin PBXVariantGroup section */
		9F07BE6319B4676A0035B6F3 /* InfoPlist.strings */ = {
			isa = PBXVariantGroup;
			children = (
				9F07BE6419B4676A0035B6F3 /* en */,
			);
			name = InfoPlist.strings;
			sourceTree = "<group>";
		};
		9F07BE6C19B4676A0035B6F3 /* Main.storyboard */ = {
			isa = PBXVariantGroup;
			children = (
				9F07BE6D19B4676A0035B6F3 /* Base */,
			);
			name = Main.storyboard;
			sourceTree = "<group>";
		};
		9F07BE8219B4676A0035B6F3 /* InfoPlist.strings */ = {
			isa = PBXVariantGroup;
			children = (
				9F07BE8319B4676A0035B6F3 /* en */,
			);
			name = InfoPlist.strings;
			sourceTree = "<group>";
		};
/* End PBXVariantGroup section */

/* Begin XCBuildConfiguration section */
		9F07BE8719B4676A0035B6F3 /* Debug */ = {
			isa = XCBuildConfiguration;
			buildSettings = {
				ALWAYS_SEARCH_USER_PATHS = NO;
				CLANG_CXX_LANGUAGE_STANDARD = "gnu++0x";
				CLANG_CXX_LIBRARY = "libc++";
				CLANG_ENABLE_MODULES = YES;
				CLANG_ENABLE_OBJC_ARC = YES;
				CLANG_WARN_BOOL_CONVERSION = YES;
				CLANG_WARN_CONSTANT_CONVERSION = YES;
				CLANG_WARN_DIRECT_OBJC_ISA_USAGE = YES_ERROR;
				CLANG_WARN_EMPTY_BODY = YES;
				CLANG_WARN_ENUM_CONVERSION = YES;
				CLANG_WARN_INT_CONVERSION = YES;
				CLANG_WARN_OBJC_ROOT_CLASS = YES_ERROR;
				CLANG_WARN__DUPLICATE_METHOD_MATCH = YES;
				"CODE_SIGN_IDENTITY[sdk=iphoneos*]" = "iPhone Developer";
				COPY_PHASE_STRIP = NO;
				GCC_C_LANGUAGE_STANDARD = gnu99;
				GCC_DYNAMIC_NO_PIC = NO;
				GCC_OPTIMIZATION_LEVEL = 0;
				GCC_PREPROCESSOR_DEFINITIONS = (
					"DEBUG=1",
					"$(inherited)",
				);
				GCC_SYMBOLS_PRIVATE_EXTERN = NO;
				GCC_WARN_64_TO_32_BIT_CONVERSION = YES;
				GCC_WARN_ABOUT_RETURN_TYPE = YES_ERROR;
				GCC_WARN_UNDECLARED_SELECTOR = YES;
				GCC_WARN_UNINITIALIZED_AUTOS = YES_AGGRESSIVE;
				GCC_WARN_UNUSED_FUNCTION = YES;
				GCC_WARN_UNUSED_VARIABLE = YES;
				IPHONEOS_DEPLOYMENT_TARGET = 7.1;
				ONLY_ACTIVE_ARCH = YES;
				SDKROOT = iphoneos;
			};
			name = Debug;
		};
		9F07BE8819B4676A0035B6F3 /* Release */ = {
			isa = XCBuildConfiguration;
			buildSettings = {
				ALWAYS_SEARCH_USER_PATHS = NO;
				CLANG_CXX_LANGUAGE_STANDARD = "gnu++0x";
				CLANG_CXX_LIBRARY = "libc++";
				CLANG_ENABLE_MODULES = YES;
				CLANG_ENABLE_OBJC_ARC = YES;
				CLANG_WARN_BOOL_CONVERSION = YES;
				CLANG_WARN_CONSTANT_CONVERSION = YES;
				CLANG_WARN_DIRECT_OBJC_ISA_USAGE = YES_ERROR;
				CLANG_WARN_EMPTY_BODY = YES;
				CLANG_WARN_ENUM_CONVERSION = YES;
				CLANG_WARN_INT_CONVERSION = YES;
				CLANG_WARN_OBJC_ROOT_CLASS = YES_ERROR;
				CLANG_WARN__DUPLICATE_METHOD_MATCH = YES;
				"CODE_SIGN_IDENTITY[sdk=iphoneos*]" = "iPhone Developer";
				COPY_PHASE_STRIP = YES;
				ENABLE_NS_ASSERTIONS = NO;
				GCC_C_LANGUAGE_STANDARD = gnu99;
				GCC_WARN_64_TO_32_BIT_CONVERSION = YES;
				GCC_WARN_ABOUT_RETURN_TYPE = YES_ERROR;
				GCC_WARN_UNDECLARED_SELECTOR = YES;
				GCC_WARN_UNINITIALIZED_AUTOS = YES_AGGRESSIVE;
				GCC_WARN_UNUSED_FUNCTION = YES;
				GCC_WARN_UNUSED_VARIABLE = YES;
				IPHONEOS_DEPLOYMENT_TARGET = 7.1;
				SDKROOT = iphoneos;
				VALIDATE_PRODUCT = YES;
			};
			name = Release;
		};
		9F07BE8A19B4676A0035B6F3 /* Debug */ = {
			isa = XCBuildConfiguration;
			baseConfigurationReference = 01A409D42C7B41D185866A44 /* Pods.xcconfig */;
			buildSettings = {
				ASSETCATALOG_COMPILER_APPICON_NAME = AppIcon;
				ASSETCATALOG_COMPILER_LAUNCHIMAGE_NAME = LaunchImage;
				CODE_SIGN_IDENTITY = "";
				GCC_PRECOMPILE_PREFIX_HEADER = YES;
				GCC_PREFIX_HEADER = "Fireside/Fireside-Prefix.pch";
				INFOPLIST_FILE = "Fireside/Fireside-Info.plist";
				PRODUCT_NAME = "$(TARGET_NAME)";
				PROVISIONING_PROFILE = "9dc22678-966f-4ebf-a500-e4bc82d92c03";
				WRAPPER_EXTENSION = app;
			};
			name = Debug;
		};
		9F07BE8B19B4676A0035B6F3 /* Release */ = {
			isa = XCBuildConfiguration;
			baseConfigurationReference = 01A409D42C7B41D185866A44 /* Pods.xcconfig */;
			buildSettings = {
				ASSETCATALOG_COMPILER_APPICON_NAME = AppIcon;
				ASSETCATALOG_COMPILER_LAUNCHIMAGE_NAME = LaunchImage;
				CODE_SIGN_IDENTITY = "";
				GCC_PRECOMPILE_PREFIX_HEADER = YES;
				GCC_PREFIX_HEADER = "Fireside/Fireside-Prefix.pch";
				INFOPLIST_FILE = "Fireside/Fireside-Info.plist";
				PRODUCT_NAME = "$(TARGET_NAME)";
				PROVISIONING_PROFILE = "354c5bb5-23f6-4bdd-8e4b-ce9a17b50962";
				WRAPPER_EXTENSION = app;
			};
			name = Release;
		};
		9F07BE8D19B4676A0035B6F3 /* Debug */ = {
			isa = XCBuildConfiguration;
			buildSettings = {
				BUNDLE_LOADER = "$(BUILT_PRODUCTS_DIR)/Fireside.app/Fireside";
				FRAMEWORK_SEARCH_PATHS = (
					"$(SDKROOT)/Developer/Library/Frameworks",
					"$(inherited)",
					"$(DEVELOPER_FRAMEWORKS_DIR)",
				);
				GCC_PRECOMPILE_PREFIX_HEADER = YES;
				GCC_PREFIX_HEADER = "Fireside/Fireside-Prefix.pch";
				GCC_PREPROCESSOR_DEFINITIONS = (
					"DEBUG=1",
					"$(inherited)",
				);
				INFOPLIST_FILE = "FiresideTests/FiresideTests-Info.plist";
				PRODUCT_NAME = "$(TARGET_NAME)";
				TEST_HOST = "$(BUNDLE_LOADER)";
				WRAPPER_EXTENSION = xctest;
			};
			name = Debug;
		};
		9F07BE8E19B4676A0035B6F3 /* Release */ = {
			isa = XCBuildConfiguration;
			buildSettings = {
				BUNDLE_LOADER = "$(BUILT_PRODUCTS_DIR)/Fireside.app/Fireside";
				FRAMEWORK_SEARCH_PATHS = (
					"$(SDKROOT)/Developer/Library/Frameworks",
					"$(inherited)",
					"$(DEVELOPER_FRAMEWORKS_DIR)",
				);
				GCC_PRECOMPILE_PREFIX_HEADER = YES;
				GCC_PREFIX_HEADER = "Fireside/Fireside-Prefix.pch";
				INFOPLIST_FILE = "FiresideTests/FiresideTests-Info.plist";
				PRODUCT_NAME = "$(TARGET_NAME)";
				TEST_HOST = "$(BUNDLE_LOADER)";
				WRAPPER_EXTENSION = xctest;
			};
			name = Release;
		};
/* End XCBuildConfiguration section */

/* Begin XCConfigurationList section */
		9F07BE5219B4676A0035B6F3 /* Build configuration list for PBXProject "Fireside" */ = {
			isa = XCConfigurationList;
			buildConfigurations = (
				9F07BE8719B4676A0035B6F3 /* Debug */,
				9F07BE8819B4676A0035B6F3 /* Release */,
			);
			defaultConfigurationIsVisible = 0;
			defaultConfigurationName = Release;
		};
		9F07BE8919B4676A0035B6F3 /* Build configuration list for PBXNativeTarget "Fireside" */ = {
			isa = XCConfigurationList;
			buildConfigurations = (
				9F07BE8A19B4676A0035B6F3 /* Debug */,
				9F07BE8B19B4676A0035B6F3 /* Release */,
			);
			defaultConfigurationIsVisible = 0;
			defaultConfigurationName = Release;
		};
		9F07BE8C19B4676A0035B6F3 /* Build configuration list for PBXNativeTarget "FiresideTests" */ = {
			isa = XCConfigurationList;
			buildConfigurations = (
				9F07BE8D19B4676A0035B6F3 /* Debug */,
				9F07BE8E19B4676A0035B6F3 /* Release */,
			);
			defaultConfigurationIsVisible = 0;
			defaultConfigurationName = Release;
		};
/* End XCConfigurationList section */
	};
	rootObject = 9F07BE4F19B4676A0035B6F3 /* Project object */;
}
